// !$*UTF8*$!
{
	archiveVersion = 1;
	classes = {
	};
	objectVersion = 50;
	objects = {

/* Begin PBXBuildFile section */
		0F95B218529CB7077371AF67 /* libPods-SubPackUITests.a in Frameworks */ = {isa = PBXBuildFile; fileRef = 162047615D1AD8776A81A9A5 /* libPods-SubPackUITests.a */; };
		244D2B765CA6762B2D9090A7 /* libPods-SubPackTests.a in Frameworks */ = {isa = PBXBuildFile; fileRef = 3AB987E2CC4220CB96DF57B4 /* libPods-SubPackTests.a */; };
		69A3579123013F46001902B3 /* AppDelegate.m in Sources */ = {isa = PBXBuildFile; fileRef = 69A3579023013F46001902B3 /* AppDelegate.m */; };
		69A3579423013F46001902B3 /* ViewController.m in Sources */ = {isa = PBXBuildFile; fileRef = 69A3579323013F46001902B3 /* ViewController.m */; };
		69A3579723013F46001902B3 /* Main.storyboard in Resources */ = {isa = PBXBuildFile; fileRef = 69A3579523013F46001902B3 /* Main.storyboard */; };
		69A3579923013F49001902B3 /* Assets.xcassets in Resources */ = {isa = PBXBuildFile; fileRef = 69A3579823013F49001902B3 /* Assets.xcassets */; };
		69A3579C23013F49001902B3 /* LaunchScreen.storyboard in Resources */ = {isa = PBXBuildFile; fileRef = 69A3579A23013F49001902B3 /* LaunchScreen.storyboard */; };
		69A3579F23013F49001902B3 /* main.m in Sources */ = {isa = PBXBuildFile; fileRef = 69A3579E23013F49001902B3 /* main.m */; };
		69A357A923013F49001902B3 /* SubPackTests.m in Sources */ = {isa = PBXBuildFile; fileRef = 69A357A823013F49001902B3 /* SubPackTests.m */; };
		69A357B423013F49001902B3 /* SubPackUITests.m in Sources */ = {isa = PBXBuildFile; fileRef = 69A357B323013F49001902B3 /* SubPackUITests.m */; };
		AC457602427BE9E4075F20D4 /* libPods-SubPack.a in Frameworks */ = {isa = PBXBuildFile; fileRef = 2305B283AE6010AF1171B5B7 /* libPods-SubPack.a */; };
/* End PBXBuildFile section */

/* Begin PBXContainerItemProxy section */
		69A357A523013F49001902B3 /* PBXContainerItemProxy */ = {
			isa = PBXContainerItemProxy;
			containerPortal = 69A3578423013F46001902B3 /* Project object */;
			proxyType = 1;
			remoteGlobalIDString = 69A3578B23013F46001902B3;
			remoteInfo = SubPack;
		};
		69A357B023013F49001902B3 /* PBXContainerItemProxy */ = {
			isa = PBXContainerItemProxy;
			containerPortal = 69A3578423013F46001902B3 /* Project object */;
			proxyType = 1;
			remoteGlobalIDString = 69A3578B23013F46001902B3;
			remoteInfo = SubPack;
		};
/* End PBXContainerItemProxy section */

/* Begin PBXFileReference section */
		162047615D1AD8776A81A9A5 /* libPods-SubPackUITests.a */ = {isa = PBXFileReference; explicitFileType = archive.ar; includeInIndex = 0; path = "libPods-SubPackUITests.a"; sourceTree = BUILT_PRODUCTS_DIR; };
		2305B283AE6010AF1171B5B7 /* libPods-SubPack.a */ = {isa = PBXFileReference; explicitFileType = archive.ar; includeInIndex = 0; path = "libPods-SubPack.a"; sourceTree = BUILT_PRODUCTS_DIR; };
		2CD4933A317B63EADA8600B1 /* Pods-SubPack.release.xcconfig */ = {isa = PBXFileReference; includeInIndex = 1; lastKnownFileType = text.xcconfig; name = "Pods-SubPack.release.xcconfig"; path = "Pods/Target Support Files/Pods-SubPack/Pods-SubPack.release.xcconfig"; sourceTree = "<group>"; };
		3AB987E2CC4220CB96DF57B4 /* libPods-SubPackTests.a */ = {isa = PBXFileReference; explicitFileType = archive.ar; includeInIndex = 0; path = "libPods-SubPackTests.a"; sourceTree = BUILT_PRODUCTS_DIR; };
		46E52AB6D59FE4D62EACA977 /* Pods-SubPackUITests.debug.xcconfig */ = {isa = PBXFileReference; includeInIndex = 1; lastKnownFileType = text.xcconfig; name = "Pods-SubPackUITests.debug.xcconfig"; path = "Pods/Target Support Files/Pods-SubPackUITests/Pods-SubPackUITests.debug.xcconfig"; sourceTree = "<group>"; };
		60173FCD98E5B101CE4BA060 /* Pods-SubPackTests.release.xcconfig */ = {isa = PBXFileReference; includeInIndex = 1; lastKnownFileType = text.xcconfig; name = "Pods-SubPackTests.release.xcconfig"; path = "Pods/Target Support Files/Pods-SubPackTests/Pods-SubPackTests.release.xcconfig"; sourceTree = "<group>"; };
		69A3578C23013F46001902B3 /* SubPack.app */ = {isa = PBXFileReference; explicitFileType = wrapper.application; includeInIndex = 0; path = SubPack.app; sourceTree = BUILT_PRODUCTS_DIR; };
		69A3578F23013F46001902B3 /* AppDelegate.h */ = {isa = PBXFileReference; lastKnownFileType = sourcecode.c.h; path = AppDelegate.h; sourceTree = "<group>"; };
		69A3579023013F46001902B3 /* AppDelegate.m */ = {isa = PBXFileReference; lastKnownFileType = sourcecode.c.objc; path = AppDelegate.m; sourceTree = "<group>"; };
		69A3579223013F46001902B3 /* ViewController.h */ = {isa = PBXFileReference; lastKnownFileType = sourcecode.c.h; path = ViewController.h; sourceTree = "<group>"; };
		69A3579323013F46001902B3 /* ViewController.m */ = {isa = PBXFileReference; lastKnownFileType = sourcecode.c.objc; path = ViewController.m; sourceTree = "<group>"; };
		69A3579623013F46001902B3 /* Base */ = {isa = PBXFileReference; lastKnownFileType = file.storyboard; name = Base; path = Base.lproj/Main.storyboard; sourceTree = "<group>"; };
		69A3579823013F49001902B3 /* Assets.xcassets */ = {isa = PBXFileReference; lastKnownFileType = folder.assetcatalog; path = Assets.xcassets; sourceTree = "<group>"; };
		69A3579B23013F49001902B3 /* Base */ = {isa = PBXFileReference; lastKnownFileType = file.storyboard; name = Base; path = Base.lproj/LaunchScreen.storyboard; sourceTree = "<group>"; };
		69A3579D23013F49001902B3 /* Info.plist */ = {isa = PBXFileReference; lastKnownFileType = text.plist.xml; path = Info.plist; sourceTree = "<group>"; };
		69A3579E23013F49001902B3 /* main.m */ = {isa = PBXFileReference; lastKnownFileType = sourcecode.c.objc; path = main.m; sourceTree = "<group>"; };
		69A357A423013F49001902B3 /* SubPackTests.xctest */ = {isa = PBXFileReference; explicitFileType = wrapper.cfbundle; includeInIndex = 0; path = SubPackTests.xctest; sourceTree = BUILT_PRODUCTS_DIR; };
		69A357A823013F49001902B3 /* SubPackTests.m */ = {isa = PBXFileReference; lastKnownFileType = sourcecode.c.objc; path = SubPackTests.m; sourceTree = "<group>"; };
		69A357AA23013F49001902B3 /* Info.plist */ = {isa = PBXFileReference; lastKnownFileType = text.plist.xml; path = Info.plist; sourceTree = "<group>"; };
		69A357AF23013F49001902B3 /* SubPackUITests.xctest */ = {isa = PBXFileReference; explicitFileType = wrapper.cfbundle; includeInIndex = 0; path = SubPackUITests.xctest; sourceTree = BUILT_PRODUCTS_DIR; };
		69A357B323013F49001902B3 /* SubPackUITests.m */ = {isa = PBXFileReference; lastKnownFileType = sourcecode.c.objc; path = SubPackUITests.m; sourceTree = "<group>"; };
		69A357B523013F49001902B3 /* Info.plist */ = {isa = PBXFileReference; lastKnownFileType = text.plist.xml; path = Info.plist; sourceTree = "<group>"; };
		6A95CB71F809A349660A42B3 /* Pods-SubPackUITests.release.xcconfig */ = {isa = PBXFileReference; includeInIndex = 1; lastKnownFileType = text.xcconfig; name = "Pods-SubPackUITests.release.xcconfig"; path = "Pods/Target Support Files/Pods-SubPackUITests/Pods-SubPackUITests.release.xcconfig"; sourceTree = "<group>"; };
		741A5A9AEDC25A83DB16DAF2 /* Pods-SubPack.debug.xcconfig */ = {isa = PBXFileReference; includeInIndex = 1; lastKnownFileType = text.xcconfig; name = "Pods-SubPack.debug.xcconfig"; path = "Pods/Target Support Files/Pods-SubPack/Pods-SubPack.debug.xcconfig"; sourceTree = "<group>"; };
		C321CC9DAB78A2C6BA4F592A /* Pods-SubPackTests.debug.xcconfig */ = {isa = PBXFileReference; includeInIndex = 1; lastKnownFileType = text.xcconfig; name = "Pods-SubPackTests.debug.xcconfig"; path = "Pods/Target Support Files/Pods-SubPackTests/Pods-SubPackTests.debug.xcconfig"; sourceTree = "<group>"; };
/* End PBXFileReference section */

/* Begin PBXFrameworksBuildPhase section */
		69A3578923013F46001902B3 /* Frameworks */ = {
			isa = PBXFrameworksBuildPhase;
			buildActionMask = 2147483647;
			files = (
				AC457602427BE9E4075F20D4 /* libPods-SubPack.a in Frameworks */,
			);
			runOnlyForDeploymentPostprocessing = 0;
		};
		69A357A123013F49001902B3 /* Frameworks */ = {
			isa = PBXFrameworksBuildPhase;
			buildActionMask = 2147483647;
			files = (
				244D2B765CA6762B2D9090A7 /* libPods-SubPackTests.a in Frameworks */,
			);
			runOnlyForDeploymentPostprocessing = 0;
		};
		69A357AC23013F49001902B3 /* Frameworks */ = {
			isa = PBXFrameworksBuildPhase;
			buildActionMask = 2147483647;
			files = (
				0F95B218529CB7077371AF67 /* libPods-SubPackUITests.a in Frameworks */,
			);
			runOnlyForDeploymentPostprocessing = 0;
		};
/* End PBXFrameworksBuildPhase section */

/* Begin PBXGroup section */
		486910B08815998ABDECE54E /* Frameworks */ = {
			isa = PBXGroup;
			children = (
				2305B283AE6010AF1171B5B7 /* libPods-SubPack.a */,
				3AB987E2CC4220CB96DF57B4 /* libPods-SubPackTests.a */,
				162047615D1AD8776A81A9A5 /* libPods-SubPackUITests.a */,
			);
			name = Frameworks;
			sourceTree = "<group>";
		};
		69A3578323013F46001902B3 = {
			isa = PBXGroup;
			children = (
				69A3578E23013F46001902B3 /* SubPack */,
				69A357A723013F49001902B3 /* SubPackTests */,
				69A357B223013F49001902B3 /* SubPackUITests */,
				69A3578D23013F46001902B3 /* Products */,
				9ECBF1697F6DDEE7C19EBB44 /* Pods */,
				486910B08815998ABDECE54E /* Frameworks */,
			);
			sourceTree = "<group>";
		};
		69A3578D23013F46001902B3 /* Products */ = {
			isa = PBXGroup;
			children = (
				69A3578C23013F46001902B3 /* SubPack.app */,
				69A357A423013F49001902B3 /* SubPackTests.xctest */,
				69A357AF23013F49001902B3 /* SubPackUITests.xctest */,
			);
			name = Products;
			sourceTree = "<group>";
		};
		69A3578E23013F46001902B3 /* SubPack */ = {
			isa = PBXGroup;
			children = (
				69A3578F23013F46001902B3 /* AppDelegate.h */,
				69A3579023013F46001902B3 /* AppDelegate.m */,
				69A3579223013F46001902B3 /* ViewController.h */,
				69A3579323013F46001902B3 /* ViewController.m */,
				69A3579523013F46001902B3 /* Main.storyboard */,
				69A3579823013F49001902B3 /* Assets.xcassets */,
				69A3579A23013F49001902B3 /* LaunchScreen.storyboard */,
				69A3579D23013F49001902B3 /* Info.plist */,
				69A3579E23013F49001902B3 /* main.m */,
			);
			path = SubPack;
			sourceTree = "<group>";
		};
		69A357A723013F49001902B3 /* SubPackTests */ = {
			isa = PBXGroup;
			children = (
				69A357A823013F49001902B3 /* SubPackTests.m */,
				69A357AA23013F49001902B3 /* Info.plist */,
			);
			path = SubPackTests;
			sourceTree = "<group>";
		};
		69A357B223013F49001902B3 /* SubPackUITests */ = {
			isa = PBXGroup;
			children = (
				69A357B323013F49001902B3 /* SubPackUITests.m */,
				69A357B523013F49001902B3 /* Info.plist */,
			);
			path = SubPackUITests;
			sourceTree = "<group>";
		};
		9ECBF1697F6DDEE7C19EBB44 /* Pods */ = {
			isa = PBXGroup;
			children = (
				741A5A9AEDC25A83DB16DAF2 /* Pods-SubPack.debug.xcconfig */,
				2CD4933A317B63EADA8600B1 /* Pods-SubPack.release.xcconfig */,
				C321CC9DAB78A2C6BA4F592A /* Pods-SubPackTests.debug.xcconfig */,
				60173FCD98E5B101CE4BA060 /* Pods-SubPackTests.release.xcconfig */,
				46E52AB6D59FE4D62EACA977 /* Pods-SubPackUITests.debug.xcconfig */,
				6A95CB71F809A349660A42B3 /* Pods-SubPackUITests.release.xcconfig */,
			);
			name = Pods;
			sourceTree = "<group>";
		};
/* End PBXGroup section */

/* Begin PBXNativeTarget section */
		69A3578B23013F46001902B3 /* SubPack */ = {
			isa = PBXNativeTarget;
			buildConfigurationList = 69A357B823013F49001902B3 /* Build configuration list for PBXNativeTarget "SubPack" */;
			buildPhases = (
				E27741F9ECEDA08E400EC9BC /* [CP] Check Pods Manifest.lock */,
				69A3578823013F46001902B3 /* Sources */,
				69A3578923013F46001902B3 /* Frameworks */,
				69A3578A23013F46001902B3 /* Resources */,
				184B085D2087AF74EAC11AEE /* [CP] Embed Pods Frameworks */,
				2ED5356637513EE7179D3B77 /* [CP] Copy Pods Resources */,
			);
			buildRules = (
			);
			dependencies = (
			);
			name = SubPack;
			productName = SubPack;
			productReference = 69A3578C23013F46001902B3 /* SubPack.app */;
			productType = "com.apple.product-type.application";
		};
		69A357A323013F49001902B3 /* SubPackTests */ = {
			isa = PBXNativeTarget;
			buildConfigurationList = 69A357BB23013F49001902B3 /* Build configuration list for PBXNativeTarget "SubPackTests" */;
			buildPhases = (
				653090B381B22F2F275F28AB /* [CP] Check Pods Manifest.lock */,
				69A357A023013F49001902B3 /* Sources */,
				69A357A123013F49001902B3 /* Frameworks */,
				69A357A223013F49001902B3 /* Resources */,
				B08576F8CDC5EA6949817C96 /* [CP] Embed Pods Frameworks */,
				F1826E19D25167A362CE5452 /* [CP] Copy Pods Resources */,
			);
			buildRules = (
			);
			dependencies = (
				69A357A623013F49001902B3 /* PBXTargetDependency */,
			);
			name = SubPackTests;
			productName = SubPackTests;
			productReference = 69A357A423013F49001902B3 /* SubPackTests.xctest */;
			productType = "com.apple.product-type.bundle.unit-test";
		};
		69A357AE23013F49001902B3 /* SubPackUITests */ = {
			isa = PBXNativeTarget;
			buildConfigurationList = 69A357BE23013F49001902B3 /* Build configuration list for PBXNativeTarget "SubPackUITests" */;
			buildPhases = (
				1C2CD8BBC379208125D83D03 /* [CP] Check Pods Manifest.lock */,
				69A357AB23013F49001902B3 /* Sources */,
				69A357AC23013F49001902B3 /* Frameworks */,
				69A357AD23013F49001902B3 /* Resources */,
				78FEAFDFF538D46C28B2EACD /* [CP] Embed Pods Frameworks */,
				D3EC279C9640422134F7090E /* [CP] Copy Pods Resources */,
			);
			buildRules = (
			);
			dependencies = (
				69A357B123013F49001902B3 /* PBXTargetDependency */,
			);
			name = SubPackUITests;
			productName = SubPackUITests;
			productReference = 69A357AF23013F49001902B3 /* SubPackUITests.xctest */;
			productType = "com.apple.product-type.bundle.ui-testing";
		};
/* End PBXNativeTarget section */

/* Begin PBXProject section */
		69A3578423013F46001902B3 /* Project object */ = {
			isa = PBXProject;
			attributes = {
				LastUpgradeCheck = 1010;
				ORGANIZATIONNAME = wenjie;
				TargetAttributes = {
					69A3578B23013F46001902B3 = {
						CreatedOnToolsVersion = 10.1;
					};
					69A357A323013F49001902B3 = {
						CreatedOnToolsVersion = 10.1;
						TestTargetID = 69A3578B23013F46001902B3;
					};
					69A357AE23013F49001902B3 = {
						CreatedOnToolsVersion = 10.1;
						TestTargetID = 69A3578B23013F46001902B3;
					};
				};
			};
			buildConfigurationList = 69A3578723013F46001902B3 /* Build configuration list for PBXProject "SubPack" */;
			compatibilityVersion = "Xcode 9.3";
			developmentRegion = en;
			hasScannedForEncodings = 0;
			knownRegions = (
				en,
				Base,
			);
			mainGroup = 69A3578323013F46001902B3;
			productRefGroup = 69A3578D23013F46001902B3 /* Products */;
			projectDirPath = "";
			projectRoot = "";
			targets = (
				69A3578B23013F46001902B3 /* SubPack */,
				69A357A323013F49001902B3 /* SubPackTests */,
				69A357AE23013F49001902B3 /* SubPackUITests */,
			);
		};
/* End PBXProject section */

/* Begin PBXResourcesBuildPhase section */
		69A3578A23013F46001902B3 /* Resources */ = {
			isa = PBXResourcesBuildPhase;
			buildActionMask = 2147483647;
			files = (
				69A3579C23013F49001902B3 /* LaunchScreen.storyboard in Resources */,
				69A3579923013F49001902B3 /* Assets.xcassets in Resources */,
				69A3579723013F46001902B3 /* Main.storyboard in Resources */,
			);
			runOnlyForDeploymentPostprocessing = 0;
		};
		69A357A223013F49001902B3 /* Resources */ = {
			isa = PBXResourcesBuildPhase;
			buildActionMask = 2147483647;
			files = (
			);
			runOnlyForDeploymentPostprocessing = 0;
		};
		69A357AD23013F49001902B3 /* Resources */ = {
			isa = PBXResourcesBuildPhase;
			buildActionMask = 2147483647;
			files = (
			);
			runOnlyForDeploymentPostprocessing = 0;
		};
/* End PBXResourcesBuildPhase section */

/* Begin PBXShellScriptBuildPhase section */
		184B085D2087AF74EAC11AEE /* [CP] Embed Pods Frameworks */ = {
			isa = PBXShellScriptBuildPhase;
			buildActionMask = 2147483647;
			files = (
			);
			inputFileListPaths = (
			);
			inputPaths = (
			);
			name = "[CP] Embed Pods Frameworks";
			outputFileListPaths = (
			);
			outputPaths = (
			);
			runOnlyForDeploymentPostprocessing = 0;
			shellPath = /bin/sh;
			shellScript = "\"${SRCROOT}/Pods/Target Support Files/Pods-SubPack/Pods-SubPack-frameworks.sh\"\n";
			showEnvVarsInLog = 0;
		};
		1C2CD8BBC379208125D83D03 /* [CP] Check Pods Manifest.lock */ = {
			isa = PBXShellScriptBuildPhase;
			buildActionMask = 2147483647;
			files = (
			);
			inputFileListPaths = (
			);
			inputPaths = (
				"${PODS_PODFILE_DIR_PATH}/Podfile.lock",
				"${PODS_ROOT}/Manifest.lock",
			);
			name = "[CP] Check Pods Manifest.lock";
			outputFileListPaths = (
			);
			outputPaths = (
				"$(DERIVED_FILE_DIR)/Pods-SubPackUITests-checkManifestLockResult.txt",
			);
			runOnlyForDeploymentPostprocessing = 0;
			shellPath = /bin/sh;
			shellScript = "diff \"${PODS_PODFILE_DIR_PATH}/Podfile.lock\" \"${PODS_ROOT}/Manifest.lock\" > /dev/null\nif [ $? != 0 ] ; then\n    # print error to STDERR\n    echo \"error: The sandbox is not in sync with the Podfile.lock. Run 'pod install' or update your CocoaPods installation.\" >&2\n    exit 1\nfi\n# This output is used by Xcode 'outputs' to avoid re-running this script phase.\necho \"SUCCESS\" > \"${SCRIPT_OUTPUT_FILE_0}\"\n";
			showEnvVarsInLog = 0;
		};
		2ED5356637513EE7179D3B77 /* [CP] Copy Pods Resources */ = {
			isa = PBXShellScriptBuildPhase;
			buildActionMask = 2147483647;
			files = (
			);
			inputFileListPaths = (
			);
			inputPaths = (
			);
			name = "[CP] Copy Pods Resources";
			outputFileListPaths = (
			);
			outputPaths = (
			);
			runOnlyForDeploymentPostprocessing = 0;
			shellPath = /bin/sh;
			shellScript = "\"${SRCROOT}/Pods/Target Support Files/Pods-SubPack/Pods-SubPack-resources.sh\"\n";
			showEnvVarsInLog = 0;
		};
		653090B381B22F2F275F28AB /* [CP] Check Pods Manifest.lock */ = {
			isa = PBXShellScriptBuildPhase;
			buildActionMask = 2147483647;
			files = (
			);
			inputFileListPaths = (
			);
			inputPaths = (
				"${PODS_PODFILE_DIR_PATH}/Podfile.lock",
				"${PODS_ROOT}/Manifest.lock",
			);
			name = "[CP] Check Pods Manifest.lock";
			outputFileListPaths = (
			);
			outputPaths = (
				"$(DERIVED_FILE_DIR)/Pods-SubPackTests-checkManifestLockResult.txt",
			);
			runOnlyForDeploymentPostprocessing = 0;
			shellPath = /bin/sh;
			shellScript = "diff \"${PODS_PODFILE_DIR_PATH}/Podfile.lock\" \"${PODS_ROOT}/Manifest.lock\" > /dev/null\nif [ $? != 0 ] ; then\n    # print error to STDERR\n    echo \"error: The sandbox is not in sync with the Podfile.lock. Run 'pod install' or update your CocoaPods installation.\" >&2\n    exit 1\nfi\n# This output is used by Xcode 'outputs' to avoid re-running this script phase.\necho \"SUCCESS\" > \"${SCRIPT_OUTPUT_FILE_0}\"\n";
			showEnvVarsInLog = 0;
		};
		78FEAFDFF538D46C28B2EACD /* [CP] Embed Pods Frameworks */ = {
			isa = PBXShellScriptBuildPhase;
			buildActionMask = 2147483647;
			files = (
			);
			inputFileListPaths = (
			);
			inputPaths = (
			);
			name = "[CP] Embed Pods Frameworks";
			outputFileListPaths = (
			);
			outputPaths = (
			);
			runOnlyForDeploymentPostprocessing = 0;
			shellPath = /bin/sh;
			shellScript = "\"${SRCROOT}/Pods/Target Support Files/Pods-SubPackUITests/Pods-SubPackUITests-frameworks.sh\"\n";
			showEnvVarsInLog = 0;
		};
		B08576F8CDC5EA6949817C96 /* [CP] Embed Pods Frameworks */ = {
			isa = PBXShellScriptBuildPhase;
			buildActionMask = 2147483647;
			files = (
			);
			inputFileListPaths = (
			);
			inputPaths = (
			);
			name = "[CP] Embed Pods Frameworks";
			outputFileListPaths = (
			);
			outputPaths = (
			);
			runOnlyForDeploymentPostprocessing = 0;
			shellPath = /bin/sh;
			shellScript = "\"${SRCROOT}/Pods/Target Support Files/Pods-SubPackTests/Pods-SubPackTests-frameworks.sh\"\n";
			showEnvVarsInLog = 0;
		};
		D3EC279C9640422134F7090E /* [CP] Copy Pods Resources */ = {
			isa = PBXShellScriptBuildPhase;
			buildActionMask = 2147483647;
			files = (
			);
			inputFileListPaths = (
			);
			inputPaths = (
			);
			name = "[CP] Copy Pods Resources";
			outputFileListPaths = (
			);
			outputPaths = (
			);
			runOnlyForDeploymentPostprocessing = 0;
			shellPath = /bin/sh;
			shellScript = "\"${SRCROOT}/Pods/Target Support Files/Pods-SubPackUITests/Pods-SubPackUITests-resources.sh\"\n";
			showEnvVarsInLog = 0;
		};
		E27741F9ECEDA08E400EC9BC /* [CP] Check Pods Manifest.lock */ = {
			isa = PBXShellScriptBuildPhase;
			buildActionMask = 2147483647;
			files = (
			);
			inputFileListPaths = (
			);
			inputPaths = (
				"${PODS_PODFILE_DIR_PATH}/Podfile.lock",
				"${PODS_ROOT}/Manifest.lock",
			);
			name = "[CP] Check Pods Manifest.lock";
			outputFileListPaths = (
			);
			outputPaths = (
				"$(DERIVED_FILE_DIR)/Pods-SubPack-checkManifestLockResult.txt",
			);
			runOnlyForDeploymentPostprocessing = 0;
			shellPath = /bin/sh;
			shellScript = "diff \"${PODS_PODFILE_DIR_PATH}/Podfile.lock\" \"${PODS_ROOT}/Manifest.lock\" > /dev/null\nif [ $? != 0 ] ; then\n    # print error to STDERR\n    echo \"error: The sandbox is not in sync with the Podfile.lock. Run 'pod install' or update your CocoaPods installation.\" >&2\n    exit 1\nfi\n# This output is used by Xcode 'outputs' to avoid re-running this script phase.\necho \"SUCCESS\" > \"${SCRIPT_OUTPUT_FILE_0}\"\n";
			showEnvVarsInLog = 0;
		};
		F1826E19D25167A362CE5452 /* [CP] Copy Pods Resources */ = {
			isa = PBXShellScriptBuildPhase;
			buildActionMask = 2147483647;
			files = (
			);
			inputFileListPaths = (
			);
			inputPaths = (
			);
			name = "[CP] Copy Pods Resources";
			outputFileListPaths = (
			);
			outputPaths = (
			);
			runOnlyForDeploymentPostprocessing = 0;
			shellPath = /bin/sh;
			shellScript = "\"${SRCROOT}/Pods/Target Support Files/Pods-SubPackTests/Pods-SubPackTests-resources.sh\"\n";
			showEnvVarsInLog = 0;
		};
/* End PBXShellScriptBuildPhase section */

/* Begin PBXSourcesBuildPhase section */
		69A3578823013F46001902B3 /* Sources */ = {
			isa = PBXSourcesBuildPhase;
			buildActionMask = 2147483647;
			files = (
				69A3579423013F46001902B3 /* ViewController.m in Sources */,
				69A3579F23013F49001902B3 /* main.m in Sources */,
				69A3579123013F46001902B3 /* AppDelegate.m in Sources */,
			);
			runOnlyForDeploymentPostprocessing = 0;
		};
		69A357A023013F49001902B3 /* Sources */ = {
			isa = PBXSourcesBuildPhase;
			buildActionMask = 2147483647;
			files = (
				69A357A923013F49001902B3 /* SubPackTests.m in Sources */,
			);
			runOnlyForDeploymentPostprocessing = 0;
		};
		69A357AB23013F49001902B3 /* Sources */ = {
			isa = PBXSourcesBuildPhase;
			buildActionMask = 2147483647;
			files = (
				69A357B423013F49001902B3 /* SubPackUITests.m in Sources */,
			);
			runOnlyForDeploymentPostprocessing = 0;
		};
/* End PBXSourcesBuildPhase section */

/* Begin PBXTargetDependency section */
		69A357A623013F49001902B3 /* PBXTargetDependency */ = {
			isa = PBXTargetDependency;
			target = 69A3578B23013F46001902B3 /* SubPack */;
			targetProxy = 69A357A523013F49001902B3 /* PBXContainerItemProxy */;
		};
		69A357B123013F49001902B3 /* PBXTargetDependency */ = {
			isa = PBXTargetDependency;
			target = 69A3578B23013F46001902B3 /* SubPack */;
			targetProxy = 69A357B023013F49001902B3 /* PBXContainerItemProxy */;
		};
/* End PBXTargetDependency section */

/* Begin PBXVariantGroup section */
		69A3579523013F46001902B3 /* Main.storyboard */ = {
			isa = PBXVariantGroup;
			children = (
				69A3579623013F46001902B3 /* Base */,
			);
			name = Main.storyboard;
			sourceTree = "<group>";
		};
		69A3579A23013F49001902B3 /* LaunchScreen.storyboard */ = {
			isa = PBXVariantGroup;
			children = (
				69A3579B23013F49001902B3 /* Base */,
			);
			name = LaunchScreen.storyboard;
			sourceTree = "<group>";
		};
/* End PBXVariantGroup section */

/* Begin XCBuildConfiguration section */
		69A357B623013F49001902B3 /* Debug */ = {
			isa = XCBuildConfiguration;
			buildSettings = {
				ALWAYS_SEARCH_USER_PATHS = NO;
				CLANG_ANALYZER_NONNULL = YES;
				CLANG_ANALYZER_NUMBER_OBJECT_CONVERSION = YES_AGGRESSIVE;
				CLANG_CXX_LANGUAGE_STANDARD = "gnu++14";
				CLANG_CXX_LIBRARY = "libc++";
				CLANG_ENABLE_MODULES = YES;
				CLANG_ENABLE_OBJC_ARC = YES;
				CLANG_ENABLE_OBJC_WEAK = YES;
				CLANG_WARN_BLOCK_CAPTURE_AUTORELEASING = YES;
				CLANG_WARN_BOOL_CONVERSION = YES;
				CLANG_WARN_COMMA = YES;
				CLANG_WARN_CONSTANT_CONVERSION = YES;
				CLANG_WARN_DEPRECATED_OBJC_IMPLEMENTATIONS = YES;
				CLANG_WARN_DIRECT_OBJC_ISA_USAGE = YES_ERROR;
				CLANG_WARN_DOCUMENTATION_COMMENTS = YES;
				CLANG_WARN_EMPTY_BODY = YES;
				CLANG_WARN_ENUM_CONVERSION = YES;
				CLANG_WARN_INFINITE_RECURSION = YES;
				CLANG_WARN_INT_CONVERSION = YES;
				CLANG_WARN_NON_LITERAL_NULL_CONVERSION = YES;
				CLANG_WARN_OBJC_IMPLICIT_RETAIN_SELF = YES;
				CLANG_WARN_OBJC_LITERAL_CONVERSION = YES;
				CLANG_WARN_OBJC_ROOT_CLASS = YES_ERROR;
				CLANG_WARN_RANGE_LOOP_ANALYSIS = YES;
				CLANG_WARN_STRICT_PROTOTYPES = YES;
				CLANG_WARN_SUSPICIOUS_MOVE = YES;
				CLANG_WARN_UNGUARDED_AVAILABILITY = YES_AGGRESSIVE;
				CLANG_WARN_UNREACHABLE_CODE = YES;
				CLANG_WARN__DUPLICATE_METHOD_MATCH = YES;
				CODE_SIGN_IDENTITY = "iPhone Developer";
				COPY_PHASE_STRIP = NO;
				DEBUG_INFORMATION_FORMAT = dwarf;
				ENABLE_STRICT_OBJC_MSGSEND = YES;
				ENABLE_TESTABILITY = YES;
				GCC_C_LANGUAGE_STANDARD = gnu11;
				GCC_DYNAMIC_NO_PIC = NO;
				GCC_NO_COMMON_BLOCKS = YES;
				GCC_OPTIMIZATION_LEVEL = 0;
				GCC_PREPROCESSOR_DEFINITIONS = (
					"DEBUG=1",
					"$(inherited)",
				);
				GCC_WARN_64_TO_32_BIT_CONVERSION = YES;
				GCC_WARN_ABOUT_RETURN_TYPE = YES_ERROR;
				GCC_WARN_UNDECLARED_SELECTOR = YES;
				GCC_WARN_UNINITIALIZED_AUTOS = YES_AGGRESSIVE;
				GCC_WARN_UNUSED_FUNCTION = YES;
				GCC_WARN_UNUSED_VARIABLE = YES;
				IPHONEOS_DEPLOYMENT_TARGET = 12.1;
				MTL_ENABLE_DEBUG_INFO = INCLUDE_SOURCE;
				MTL_FAST_MATH = YES;
				ONLY_ACTIVE_ARCH = YES;
				SDKROOT = iphoneos;
			};
			name = Debug;
		};
		69A357B723013F49001902B3 /* Release */ = {
			isa = XCBuildConfiguration;
			buildSettings = {
				ALWAYS_SEARCH_USER_PATHS = NO;
				CLANG_ANALYZER_NONNULL = YES;
				CLANG_ANALYZER_NUMBER_OBJECT_CONVERSION = YES_AGGRESSIVE;
				CLANG_CXX_LANGUAGE_STANDARD = "gnu++14";
				CLANG_CXX_LIBRARY = "libc++";
				CLANG_ENABLE_MODULES = YES;
				CLANG_ENABLE_OBJC_ARC = YES;
				CLANG_ENABLE_OBJC_WEAK = YES;
				CLANG_WARN_BLOCK_CAPTURE_AUTORELEASING = YES;
				CLANG_WARN_BOOL_CONVERSION = YES;
				CLANG_WARN_COMMA = YES;
				CLANG_WARN_CONSTANT_CONVERSION = YES;
				CLANG_WARN_DEPRECATED_OBJC_IMPLEMENTATIONS = YES;
				CLANG_WARN_DIRECT_OBJC_ISA_USAGE = YES_ERROR;
				CLANG_WARN_DOCUMENTATION_COMMENTS = YES;
				CLANG_WARN_EMPTY_BODY = YES;
				CLANG_WARN_ENUM_CONVERSION = YES;
				CLANG_WARN_INFINITE_RECURSION = YES;
				CLANG_WARN_INT_CONVERSION = YES;
				CLANG_WARN_NON_LITERAL_NULL_CONVERSION = YES;
				CLANG_WARN_OBJC_IMPLICIT_RETAIN_SELF = YES;
				CLANG_WARN_OBJC_LITERAL_CONVERSION = YES;
				CLANG_WARN_OBJC_ROOT_CLASS = YES_ERROR;
				CLANG_WARN_RANGE_LOOP_ANALYSIS = YES;
				CLANG_WARN_STRICT_PROTOTYPES = YES;
				CLANG_WARN_SUSPICIOUS_MOVE = YES;
				CLANG_WARN_UNGUARDED_AVAILABILITY = YES_AGGRESSIVE;
				CLANG_WARN_UNREACHABLE_CODE = YES;
				CLANG_WARN__DUPLICATE_METHOD_MATCH = YES;
				CODE_SIGN_IDENTITY = "iPhone Developer";
				COPY_PHASE_STRIP = NO;
				DEBUG_INFORMATION_FORMAT = "dwarf-with-dsym";
				ENABLE_NS_ASSERTIONS = NO;
				ENABLE_STRICT_OBJC_MSGSEND = YES;
				GCC_C_LANGUAGE_STANDARD = gnu11;
				GCC_NO_COMMON_BLOCKS = YES;
				GCC_WARN_64_TO_32_BIT_CONVERSION = YES;
				GCC_WARN_ABOUT_RETURN_TYPE = YES_ERROR;
				GCC_WARN_UNDECLARED_SELECTOR = YES;
				GCC_WARN_UNINITIALIZED_AUTOS = YES_AGGRESSIVE;
				GCC_WARN_UNUSED_FUNCTION = YES;
				GCC_WARN_UNUSED_VARIABLE = YES;
				IPHONEOS_DEPLOYMENT_TARGET = 12.1;
				MTL_ENABLE_DEBUG_INFO = NO;
				MTL_FAST_MATH = YES;
				SDKROOT = iphoneos;
				VALIDATE_PRODUCT = YES;
			};
			name = Release;
		};
		69A357B923013F49001902B3 /* Debug */ = {
			isa = XCBuildConfiguration;
			baseConfigurationReference = 741A5A9AEDC25A83DB16DAF2 /* Pods-SubPack.debug.xcconfig */;
			buildSettings = {
				ASSETCATALOG_COMPILER_APPICON_NAME = AppIcon;
				CODE_SIGN_STYLE = Automatic;
				INFOPLIST_FILE = SubPack/Info.plist;
				LD_RUNPATH_SEARCH_PATHS = (
					"$(inherited)",
					"@executable_path/Frameworks",
				);
				PRODUCT_BUNDLE_IDENTIFIER = com.demo.SubPack;
				PRODUCT_NAME = "$(TARGET_NAME)";
				TARGETED_DEVICE_FAMILY = "1,2";
			};
			name = Debug;
		};
		69A357BA23013F49001902B3 /* Release */ = {
			isa = XCBuildConfiguration;
			baseConfigurationReference = 2CD4933A317B63EADA8600B1 /* Pods-SubPack.release.xcconfig */;
			buildSettings = {
				ASSETCATALOG_COMPILER_APPICON_NAME = AppIcon;
				CODE_SIGN_STYLE = Automatic;
				INFOPLIST_FILE = SubPack/Info.plist;
				LD_RUNPATH_SEARCH_PATHS = (
					"$(inherited)",
					"@executable_path/Frameworks",
				);
				PRODUCT_BUNDLE_IDENTIFIER = com.demo.SubPack;
				PRODUCT_NAME = "$(TARGET_NAME)";
				TARGETED_DEVICE_FAMILY = "1,2";
			};
			name = Release;
		};
		69A357BC23013F49001902B3 /* Debug */ = {
			isa = XCBuildConfiguration;
			baseConfigurationReference = C321CC9DAB78A2C6BA4F592A /* Pods-SubPackTests.debug.xcconfig */;
			buildSettings = {
				BUNDLE_LOADER = "$(TEST_HOST)";
				CODE_SIGN_STYLE = Automatic;
				INFOPLIST_FILE = SubPackTests/Info.plist;
				LD_RUNPATH_SEARCH_PATHS = (
					"$(inherited)",
					"@executable_path/Frameworks",
					"@loader_path/Frameworks",
				);
				PRODUCT_BUNDLE_IDENTIFIER = com.demo.SubPackTests;
				PRODUCT_NAME = "$(TARGET_NAME)";
				TARGETED_DEVICE_FAMILY = "1,2";
				TEST_HOST = "$(BUILT_PRODUCTS_DIR)/SubPack.app/SubPack";
			};
			name = Debug;
		};
		69A357BD23013F49001902B3 /* Release */ = {
			isa = XCBuildConfiguration;
			baseConfigurationReference = 60173FCD98E5B101CE4BA060 /* Pods-SubPackTests.release.xcconfig */;
			buildSettings = {
				BUNDLE_LOADER = "$(TEST_HOST)";
				CODE_SIGN_STYLE = Automatic;
				INFOPLIST_FILE = SubPackTests/Info.plist;
				LD_RUNPATH_SEARCH_PATHS = (
					"$(inherited)",
					"@executable_path/Frameworks",
					"@loader_path/Frameworks",
				);
				PRODUCT_BUNDLE_IDENTIFIER = com.demo.SubPackTests;
				PRODUCT_NAME = "$(TARGET_NAME)";
				TARGETED_DEVICE_FAMILY = "1,2";
				TEST_HOST = "$(BUILT_PRODUCTS_DIR)/SubPack.app/SubPack";
			};
			name = Release;
		};
		69A357BF23013F49001902B3 /* Debug */ = {
			isa = XCBuildConfiguration;
			baseConfigurationReference = 46E52AB6D59FE4D62EACA977 /* Pods-SubPackUITests.debug.xcconfig */;
			buildSettings = {
				CODE_SIGN_STYLE = Automatic;
				INFOPLIST_FILE = SubPackUITests/Info.plist;
				LD_RUNPATH_SEARCH_PATHS = (
					"$(inherited)",
					"@executable_path/Frameworks",
					"@loader_path/Frameworks",
				);
				PRODUCT_BUNDLE_IDENTIFIER = com.demo.SubPackUITests;
				PRODUCT_NAME = "$(TARGET_NAME)";
				TARGETED_DEVICE_FAMILY = "1,2";
				TEST_TARGET_NAME = SubPack;
			};
			name = Debug;
		};
		69A357C023013F49001902B3 /* Release */ = {
			isa = XCBuildConfiguration;
			baseConfigurationReference = 6A95CB71F809A349660A42B3 /* Pods-SubPackUITests.release.xcconfig */;
			buildSettings = {
				CODE_SIGN_STYLE = Automatic;
				INFOPLIST_FILE = SubPackUITests/Info.plist;
				LD_RUNPATH_SEARCH_PATHS = (
					"$(inherited)",
					"@executable_path/Frameworks",
					"@loader_path/Frameworks",
				);
				PRODUCT_BUNDLE_IDENTIFIER = com.demo.SubPackUITests;
				PRODUCT_NAME = "$(TARGET_NAME)";
				TARGETED_DEVICE_FAMILY = "1,2";
				TEST_TARGET_NAME = SubPack;
			};
			name = Release;
		};
/* End XCBuildConfiguration section */

/* Begin XCConfigurationList section */
		69A3578723013F46001902B3 /* Build configuration list for PBXProject "SubPack" */ = {
			isa = XCConfigurationList;
			buildConfigurations = (
				69A357B623013F49001902B3 /* Debug */,
				69A357B723013F49001902B3 /* Release */,
			);
			defaultConfigurationIsVisible = 0;
			defaultConfigurationName = Release;
		};
		69A357B823013F49001902B3 /* Build configuration list for PBXNativeTarget "SubPack" */ = {
			isa = XCConfigurationList;
			buildConfigurations = (
				69A357B923013F49001902B3 /* Debug */,
				69A357BA23013F49001902B3 /* Release */,
			);
			defaultConfigurationIsVisible = 0;
			defaultConfigurationName = Release;
		};
		69A357BB23013F49001902B3 /* Build configuration list for PBXNativeTarget "SubPackTests" */ = {
			isa = XCConfigurationList;
			buildConfigurations = (
				69A357BC23013F49001902B3 /* Debug */,
				69A357BD23013F49001902B3 /* Release */,
			);
			defaultConfigurationIsVisible = 0;
			defaultConfigurationName = Release;
		};
		69A357BE23013F49001902B3 /* Build configuration list for PBXNativeTarget "SubPackUITests" */ = {
			isa = XCConfigurationList;
			buildConfigurations = (
				69A357BF23013F49001902B3 /* Debug */,
				69A357C023013F49001902B3 /* Release */,
			);
			defaultConfigurationIsVisible = 0;
			defaultConfigurationName = Release;
		};
/* End XCConfigurationList section */
	};
	rootObject = 69A3578423013F46001902B3 /* Project object */;
}
